{
  "name": "@rbxts/Thread-ts",
  "version": "1.0.0",
  "lockfileVersion": 1,
  "requires": true,
  "dependencies": {
    "@rbxts/compiler-types": {
      "version": "1.0.0-beta.16.1",
      "resolved": "https://registry.npmjs.org/@rbxts/compiler-types/-/compiler-types-1.0.0-beta.16.1.tgz",
      "integrity": "sha512-Z3sDPoxEVS+u8i4eo/cH+utBf3W4hb3J71XrtKbbFHYL7jqhXWjkEF10kJomGfwiCd2+aBRMnPtlfyce3B/3/Q==",
      "dev": true
    },
    "@rbxts/types": {
      "version": "1.0.456",
      "resolved": "https://registry.npmjs.org/@rbxts/types/-/types-1.0.456.tgz",
      "integrity": "sha512-8efM6Mo+iLMl6pJ8GeOENcp0BiwJc2WwtE6ksupJfQrbAm8AX1gL0AhqMn4d4kkJjuyMpun8wz+TYFgdsB8fVA==",
      "dev": true
    }
  }
}
